
Microsoft Visual Studio Solution File, Format Version 12.00
# Visual Studio Version 17
VisualStudioVersion = 17.0.31903.59
MinimumVisualStudioVersion = 10.0.40219.1
Project("{2150E333-8FDC-42A3-9474-1A3956D46DE8}") = "src", "src", "{827E0CD3-B72D-47B6-A68D-7590B98EB39B}"
EndProject
Project("{FAE04EC0-301F-11D3-BF4B-00C04F79EFBC}") = "HyperMemory.Core", "src\HyperMemory.Core\HyperMemory.Core.csproj", "{FB209287-87BC-4AAB-971D-3D6D3A5D2589}"
EndProject
Project("{FAE04EC0-301F-11D3-BF4B-00C04F79EFBC}") = "HyperMemory.Infrastructure", "src\HyperMemory.Infrastructure\HyperMemory.Infrastructure.csproj", "{4AFE6194-11C4-4DA2-A466-E38A8E9F3409}"
EndProject
Project("{FAE04EC0-301F-11D3-BF4B-00C04F79EFBC}") = "HyperMemory.Api", "src\HyperMemory.Api\HyperMemory.Api.csproj", "{CAA4E1BE-F273-4EE1-B07A-AB8B669D139B}"
EndProject
Project("{FAE04EC0-301F-11D3-BF4B-00C04F79EFBC}") = "HyperMemory.Bridge", "src\HyperMemory.Bridge\HyperMemory.Bridge.csproj", "{54387E5A-A99A-40F0-B54E-43210FDF8BAC}"
EndProject
Project("{2150E333-8FDC-42A3-9474-1A3956D46DE8}") = "tests", "tests", "{0AB3BF05-4346-4AA6-1389-037BE0695223}"
EndProject
Project("{FAE04EC0-301F-11D3-BF4B-00C04F79EFBC}") = "HyperMemory.Tests", "tests\HyperMemory.Tests\HyperMemory.Tests.csproj", "{16C146AE-EFE2-45E1-ABC4-147610ADE65A}"
EndProject
Project("{FAE04EC0-301F-11D3-BF4B-00C04F79EFBC}") = "HyperMemory.Installer", "src\HyperMemory.Installer\HyperMemory.Installer.csproj", "{481E91A7-612F-49C0-91D9-D8D789A460E9}"
EndProject
Project("{FAE04EC0-301F-11D3-BF4B-00C04F79EFBC}") = "HyperMemory.Evaluation", "tests\HyperMemory.Evaluation\HyperMemory.Evaluation.csproj", "{662F36D6-5229-49BC-9307-79C4131824F8}"
EndProject
Global
	GlobalSection(SolutionConfigurationPlatforms) = preSolution
		Debug|Any CPU = Debug|Any CPU
		Debug|x64 = Debug|x64
		Debug|x86 = Debug|x86
		Release|Any CPU = Release|Any CPU
		Release|x64 = Release|x64
		Release|x86 = Release|x86
	EndGlobalSection
	GlobalSection(ProjectConfigurationPlatforms) = postSolution
		{FB209287-87BC-4AAB-971D-3D6D3A5D2589}.Debug|Any CPU.ActiveCfg = Debug|Any CPU
		{FB209287-87BC-4AAB-971D-3D6D3A5D2589}.Debug|Any CPU.Build.0 = Debug|Any CPU
		{FB209287-87BC-4AAB-971D-3D6D3A5D2589}.Debug|x64.ActiveCfg = Debug|Any CPU
		{FB209287-87BC-4AAB-971D-3D6D3A5D2589}.Debug|x64.Build.0 = Debug|Any CPU
		{FB209287-87BC-4AAB-971D-3D6D3A5D2589}.Debug|x86.ActiveCfg = Debug|Any CPU
		{FB209287-87BC-4AAB-971D-3D6D3A5D2589}.Debug|x86.Build.0 = Debug|Any CPU
		{FB209287-87BC-4AAB-971D-3D6D3A5D2589}.Release|Any CPU.ActiveCfg = Release|Any CPU
		{FB209287-87BC-4AAB-971D-3D6D3A5D2589}.Release|Any CPU.Build.0 = Release|Any CPU
		{FB209287-87BC-4AAB-971D-3D6D3A5D2589}.Release|x64.ActiveCfg = Release|Any CPU
		{FB209287-87BC-4AAB-971D-3D6D3A5D2589}.Release|x64.Build.0 = Release|Any CPU
		{FB209287-87BC-4AAB-971D-3D6D3A5D2589}.Release|x86.ActiveCfg = Release|Any CPU
		{FB209287-87BC-4AAB-971D-3D6D3A5D2589}.Release|x86.Build.0 = Release|Any CPU
		{4AFE6194-11C4-4DA2-A466-E38A8E9F3409}.Debug|Any CPU.ActiveCfg = Debug|Any CPU
		{4AFE6194-11C4-4DA2-A466-E38A8E9F3409}.Debug|Any CPU.Build.0 = Debug|Any CPU
		{4AFE6194-11C4-4DA2-A466-E38A8E9F3409}.Debug|x64.ActiveCfg = Debug|Any CPU
		{4AFE6194-11C4-4DA2-A466-E38A8E9F3409}.Debug|x64.Build.0 = Debug|Any CPU
		{4AFE6194-11C4-4DA2-A466-E38A8E9F3409}.Debug|x86.ActiveCfg = Debug|Any CPU
		{4AFE6194-11C4-4DA2-A466-E38A8E9F3409}.Debug|x86.Build.0 = Debug|Any CPU
		{4AFE6194-11C4-4DA2-A466-E38A8E9F3409}.Release|Any CPU.ActiveCfg = Release|Any CPU
		{4AFE6194-11C4-4DA2-A466-E38A8E9F3409}.Release|Any CPU.Build.0 = Release|Any CPU
		{4AFE6194-11C4-4DA2-A466-E38A8E9F3409}.Release|x64.ActiveCfg = Release|Any CPU
		{4AFE6194-11C4-4DA2-A466-E38A8E9F3409}.Release|x64.Build.0 = Release|Any CPU
		{4AFE6194-11C4-4DA2-A466-E38A8E9F3409}.Release|x86.ActiveCfg = Release|Any CPU
		{4AFE6194-11C4-4DA2-A466-E38A8E9F3409}.Release|x86.Build.0 = Release|Any CPU
		{CAA4E1BE-F273-4EE1-B07A-AB8B669D139B}.Debug|Any CPU.ActiveCfg = Debug|Any CPU
		{CAA4E1BE-F273-4EE1-B07A-AB8B669D139B}.Debug|Any CPU.Build.0 = Debug|Any CPU
		{CAA4E1BE-F273-4EE1-B07A-AB8B669D139B}.Debug|x64.ActiveCfg = Debug|Any CPU
		{CAA4E1BE-F273-4EE1-B07A-AB8B669D139B}.Debug|x64.Build.0 = Debug|Any CPU
		{CAA4E1BE-F273-4EE1-B07A-AB8B669D139B}.Debug|x86.ActiveCfg = Debug|Any CPU
		{CAA4E1BE-F273-4EE1-B07A-AB8B669D139B}.Debug|x86.Build.0 = Debug|Any CPU
		{CAA4E1BE-F273-4EE1-B07A-AB8B669D139B}.Release|Any CPU.ActiveCfg = Release|Any CPU
		{CAA4E1BE-F273-4EE1-B07A-AB8B669D139B}.Release|Any CPU.Build.0 = Release|Any CPU
		{CAA4E1BE-F273-4EE1-B07A-AB8B669D139B}.Release|x64.ActiveCfg = Release|Any CPU
		{CAA4E1BE-F273-4EE1-B07A-AB8B669D139B}.Release|x64.Build.0 = Release|Any CPU
		{CAA4E1BE-F273-4EE1-B07A-AB8B669D139B}.Release|x86.ActiveCfg = Release|Any CPU
		{CAA4E1BE-F273-4EE1-B07A-AB8B669D139B}.Release|x86.Build.0 = Release|Any CPU
		{54387E5A-A99A-40F0-B54E-43210FDF8BAC}.Debug|Any CPU.ActiveCfg = Debug|Any CPU
		{54387E5A-A99A-40F0-B54E-43210FDF8BAC}.Debug|Any CPU.Build.0 = Debug|Any CPU
		{54387E5A-A99A-40F0-B54E-43210FDF8BAC}.Debug|x64.ActiveCfg = Debug|Any CPU
		{54387E5A-A99A-40F0-B54E-43210FDF8BAC}.Debug|x64.Build.0 = Debug|Any CPU
		{54387E5A-A99A-40F0-B54E-43210FDF8BAC}.Debug|x86.ActiveCfg = Debug|Any CPU
		{54387E5A-A99A-40F0-B54E-43210FDF8BAC}.Debug|x86.Build.0 = Debug|Any CPU
		{54387E5A-A99A-40F0-B54E-43210FDF8BAC}.Release|Any CPU.ActiveCfg = Release|Any CPU
		{54387E5A-A99A-40F0-B54E-43210FDF8BAC}.Release|Any CPU.Build.0 = Release|Any CPU
		{54387E5A-A99A-40F0-B54E-43210FDF8BAC}.Release|x64.ActiveCfg = Release|Any CPU
		{54387E5A-A99A-40F0-B54E-43210FDF8BAC}.Release|x64.Build.0 = Release|Any CPU
		{54387E5A-A99A-40F0-B54E-43210FDF8BAC}.Release|x86.ActiveCfg = Release|Any CPU
		{54387E5A-A99A-40F0-B54E-43210FDF8BAC}.Release|x86.Build.0 = Release|Any CPU
		{16C146AE-EFE2-45E1-ABC4-147610ADE65A}.Debug|Any CPU.ActiveCfg = Debug|Any CPU
		{16C146AE-EFE2-45E1-ABC4-147610ADE65A}.Debug|Any CPU.Build.0 = Debug|Any CPU
		{16C146AE-EFE2-45E1-ABC4-147610ADE65A}.Debug|x64.ActiveCfg = Debug|Any CPU
		{16C146AE-EFE2-45E1-ABC4-147610ADE65A}.Debug|x64.Build.0 = Debug|Any CPU
		{16C146AE-EFE2-45E1-ABC4-147610ADE65A}.Debug|x86.ActiveCfg = Debug|Any CPU
		{16C146AE-EFE2-45E1-ABC4-147610ADE65A}.Debug|x86.Build.0 = Debug|Any CPU
		{16C146AE-EFE2-45E1-ABC4-147610ADE65A}.Release|Any CPU.ActiveCfg = Release|Any CPU
		{16C146AE-EFE2-45E1-ABC4-147610ADE65A}.Release|Any CPU.Build.0 = Release|Any CPU
		{16C146AE-EFE2-45E1-ABC4-147610ADE65A}.Release|x64.ActiveCfg = Release|Any CPU
		{16C146AE-EFE2-45E1-ABC4-147610ADE65A}.Release|x64.Build.0 = Release|Any CPU
		{16C146AE-EFE2-45E1-ABC4-147610ADE65A}.Release|x86.ActiveCfg = Release|Any CPU
		{16C146AE-EFE2-45E1-ABC4-147610ADE65A}.Release|x86.Build.0 = Release|Any CPU
		{481E91A7-612F-49C0-91D9-D8D789A460E9}.Debug|Any CPU.ActiveCfg = Debug|Any CPU
		{481E91A7-612F-49C0-91D9-D8D789A460E9}.Debug|Any CPU.Build.0 = Debug|Any CPU
		{481E91A7-612F-49C0-91D9-D8D789A460E9}.Debug|x64.ActiveCfg = Debug|Any CPU
		{481E91A7-612F-49C0-91D9-D8D789A460E9}.Debug|x64.Build.0 = Debug|Any CPU
		{481E91A7-612F-49C0-91D9-D8D789A460E9}.Debug|x86.ActiveCfg = Debug|Any CPU
		{481E91A7-612F-49C0-91D9-D8D789A460E9}.Debug|x86.Build.0 = Debug|Any CPU
		{481E91A7-612F-49C0-91D9-D8D789A460E9}.Release|Any CPU.ActiveCfg = Release|Any CPU
		{481E91A7-612F-49C0-91D9-D8D789A460E9}.Release|Any CPU.Build.0 = Release|Any CPU
		{481E91A7-612F-49C0-91D9-D8D789A460E9}.Release|x64.ActiveCfg = Release|Any CPU
		{481E91A7-612F-49C0-91D9-D8D789A460E9}.Release|x64.Build.0 = Release|Any CPU
		{481E91A7-612F-49C0-91D9-D8D789A460E9}.Release|x86.ActiveCfg = Release|Any CPU
		{481E91A7-612F-49C0-91D9-D8D789A460E9}.Release|x86.Build.0 = Release|Any CPU
		{662F36D6-5229-49BC-9307-79C4131824F8}.Debug|Any CPU.ActiveCfg = Debug|Any CPU
		{662F36D6-5229-49BC-9307-79C4131824F8}.Debug|Any CPU.Build.0 = Debug|Any CPU
		{662F36D6-5229-49BC-9307-79C4131824F8}.Debug|x64.ActiveCfg = Debug|Any CPU
		{662F36D6-5229-49BC-9307-79C4131824F8}.Debug|x64.Build.0 = Debug|Any CPU
		{662F36D6-5229-49BC-9307-79C4131824F8}.Debug|x86.ActiveCfg = Debug|Any CPU
		{662F36D6-5229-49BC-9307-79C4131824F8}.Debug|x86.Build.0 = Debug|Any CPU
		{662F36D6-5229-49BC-9307-79C4131824F8}.Release|Any CPU.ActiveCfg = Release|Any CPU
		{662F36D6-5229-49BC-9307-79C4131824F8}.Release|Any CPU.Build.0 = Release|Any CPU
		{662F36D6-5229-49BC-9307-79C4131824F8}.Release|x64.ActiveCfg = Release|Any CPU
		{662F36D6-5229-49BC-9307-79C4131824F8}.Release|x64.Build.0 = Release|Any CPU
		{662F36D6-5229-49BC-9307-79C4131824F8}.Release|x86.ActiveCfg = Release|Any CPU
		{662F36D6-5229-49BC-9307-79C4131824F8}.Release|x86.Build.0 = Release|Any CPU
	EndGlobalSection
	GlobalSection(SolutionProperties) = preSolution
		HideSolutionNode = FALSE
	EndGlobalSection
	GlobalSection(NestedProjects) = preSolution
		{FB209287-87BC-4AAB-971D-3D6D3A5D2589} = {827E0CD3-B72D-47B6-A68D-7590B98EB39B}
		{4AFE6194-11C4-4DA2-A466-E38A8E9F3409} = {827E0CD3-B72D-47B6-A68D-7590B98EB39B}
		{CAA4E1BE-F273-4EE1-B07A-AB8B669D139B} = {827E0CD3-B72D-47B6-A68D-7590B98EB39B}
		{54387E5A-A99A-40F0-B54E-43210FDF8BAC} = {827E0CD3-B72D-47B6-A68D-7590B98EB39B}
		{16C146AE-EFE2-45E1-ABC4-147610ADE65A} = {0AB3BF05-4346-4AA6-1389-037BE0695223}
		{481E91A7-612F-49C0-91D9-D8D789A460E9} = {827E0CD3-B72D-47B6-A68D-7590B98EB39B}
		{662F36D6-5229-49BC-9307-79C4131824F8} = {0AB3BF05-4346-4AA6-1389-037BE0695223}
	EndGlobalSection
EndGlobal
